<?xml version="1.0" encoding="utf-8"?>
<Project ToolsVersion="4.0" xmlns="http://schemas.microsoft.com/developer/msbuild/2003">
  <ItemGroup>
    <Filter Include="include">
      <UniqueIdentifier>{d5035b1e-a76a-4119-b649-3b5d51a09073}</UniqueIdentifier>
    </Filter>
    <Filter Include="src">
      <UniqueIdentifier>{970c1ab9-b85a-4c38-b0df-6900405db0c6}</UniqueIdentifier>
    </Filter>
  </ItemGroup>
  <ItemGroup>
    <ClCompile Include="src\main.cpp">
      <Filter>src</Filter>
    </ClCompile>
    <ClCompile Include="src\context.cpp">
      <Filter>src</Filter>
    </ClCompile>
    <ClCompile Include="src\math.cpp">
      <Filter>src</Filter>
    </ClCompile>
  </ItemGroup>
  <ItemGroup>
    <ClInclude Include="include\renderer.h">
      <Filter>include</Filter>
    </ClInclude>
    <ClInclude Include="include\defines.h">
      <Filter>include</Filter>
    </ClInclude>
    <ClInclude Include="include\math.h">
      <Filter>include</Filter>
    </ClInclude>
    <ClInclude Include="include\context.h">
      <Filter>include</Filter>
    </ClInclude>
  </ItemGroup>
</Project>